
Microsoft Visual Studio Solution File, Format Version 12.00
# Visual Studio 2012
Project("{FAE04EC0-301F-11D3-BF4B-00C04F79EFBC}") = "breinstormin.db", "breinstormin.db\breinstormin.db.csproj", "{5D1F2FD5-1058-480A-A23B-3754D9A87E64}"
EndProject
Project("{FAE04EC0-301F-11D3-BF4B-00C04F79EFBC}") = "breinstormin.tools", "breinstormin.tools\breinstormin.tools.csproj", "{5A9BB545-BF3B-4EBA-838F-0166914AD542}"
EndProject
Project("{FAE04EC0-301F-11D3-BF4B-00C04F79EFBC}") = "breinstormin.appdomains", "breinstormin.appdomains\breinstormin.appdomains.csproj", "{B6A85EC3-A062-421C-809E-279D73B0D840}"
EndProject
Project("{FAE04EC0-301F-11D3-BF4B-00C04F79EFBC}") = "breinstormin.wcf", "breinstormin.wcf\breinstormin.wcf.csproj", "{57440EC0-4051-4C82-B408-5986EA0B070D}"
EndProject
Project("{FAE04EC0-301F-11D3-BF4B-00C04F79EFBC}") = "breinstormin.wcf-api.server", "breinstormin.wcf-api.server\breinstormin.wcf-api.server.csproj", "{670694DA-B775-478E-892F-14FCC89797DF}"
EndProject
Project("{8BC9CEB8-8B4A-11D0-8D11-00A0C91BC942}") = "ProfilerOBJ", "ProfilerOBJ\ProfilerOBJ.vcxproj", "{A1BCB61E-359F-46C8-89E1-26CD7E356880}"
EndProject
Project("{2150E333-8FDC-42A3-9474-1A3956D46DE8}") = "lib", "lib", "{4DE8F82B-866B-4AC5-A72E-83FB4C62B7DE}"
	ProjectSection(SolutionItems) = preProject
		lib\32\ProfilerOBJ.dll = lib\32\ProfilerOBJ.dll
		lib\64\ProfilerOBJ.dll = lib\64\ProfilerOBJ.dll
		lib\32\ProfilerOBJ.pdb = lib\32\ProfilerOBJ.pdb
		lib\64\ProfilerOBJ.pdb = lib\64\ProfilerOBJ.pdb
	EndProjectSection
EndProject
Project("{FAE04EC0-301F-11D3-BF4B-00C04F79EFBC}") = "breinstormin.profiler", "breinstormin.profiler\breinstormin.profiler.csproj", "{F725E8A1-5168-4A32-AF95-13D5851DECDE}"
EndProject
Global
	GlobalSection(SolutionConfigurationPlatforms) = preSolution
		Debug|Any CPU = Debug|Any CPU
		Debug|Mixed Platforms = Debug|Mixed Platforms
		Debug|Win32 = Debug|Win32
		Debug|x64 = Debug|x64
		Release|Any CPU = Release|Any CPU
		Release|Mixed Platforms = Release|Mixed Platforms
		Release|Win32 = Release|Win32
		Release|x64 = Release|x64
	EndGlobalSection
	GlobalSection(ProjectConfigurationPlatforms) = postSolution
		{5D1F2FD5-1058-480A-A23B-3754D9A87E64}.Debug|Any CPU.ActiveCfg = Debug|Any CPU
		{5D1F2FD5-1058-480A-A23B-3754D9A87E64}.Debug|Any CPU.Build.0 = Debug|Any CPU
		{5D1F2FD5-1058-480A-A23B-3754D9A87E64}.Debug|Mixed Platforms.ActiveCfg = Debug|Any CPU
		{5D1F2FD5-1058-480A-A23B-3754D9A87E64}.Debug|Mixed Platforms.Build.0 = Debug|Any CPU
		{5D1F2FD5-1058-480A-A23B-3754D9A87E64}.Debug|Win32.ActiveCfg = Debug|Any CPU
		{5D1F2FD5-1058-480A-A23B-3754D9A87E64}.Debug|x64.ActiveCfg = Debug|Any CPU
		{5D1F2FD5-1058-480A-A23B-3754D9A87E64}.Release|Any CPU.ActiveCfg = Release|Any CPU
		{5D1F2FD5-1058-480A-A23B-3754D9A87E64}.Release|Any CPU.Build.0 = Release|Any CPU
		{5D1F2FD5-1058-480A-A23B-3754D9A87E64}.Release|Mixed Platforms.ActiveCfg = Release|Any CPU
		{5D1F2FD5-1058-480A-A23B-3754D9A87E64}.Release|Mixed Platforms.Build.0 = Release|Any CPU
		{5D1F2FD5-1058-480A-A23B-3754D9A87E64}.Release|Win32.ActiveCfg = Release|Any CPU
		{5D1F2FD5-1058-480A-A23B-3754D9A87E64}.Release|x64.ActiveCfg = Release|Any CPU
		{5A9BB545-BF3B-4EBA-838F-0166914AD542}.Debug|Any CPU.ActiveCfg = Debug|Any CPU
		{5A9BB545-BF3B-4EBA-838F-0166914AD542}.Debug|Any CPU.Build.0 = Debug|Any CPU
		{5A9BB545-BF3B-4EBA-838F-0166914AD542}.Debug|Mixed Platforms.ActiveCfg = Debug|Any CPU
		{5A9BB545-BF3B-4EBA-838F-0166914AD542}.Debug|Mixed Platforms.Build.0 = Debug|Any CPU
		{5A9BB545-BF3B-4EBA-838F-0166914AD542}.Debug|Win32.ActiveCfg = Debug|Any CPU
		{5A9BB545-BF3B-4EBA-838F-0166914AD542}.Debug|x64.ActiveCfg = Debug|Any CPU
		{5A9BB545-BF3B-4EBA-838F-0166914AD542}.Release|Any CPU.ActiveCfg = Release|Any CPU
		{5A9BB545-BF3B-4EBA-838F-0166914AD542}.Release|Any CPU.Build.0 = Release|Any CPU
		{5A9BB545-BF3B-4EBA-838F-0166914AD542}.Release|Mixed Platforms.ActiveCfg = Release|Any CPU
		{5A9BB545-BF3B-4EBA-838F-0166914AD542}.Release|Mixed Platforms.Build.0 = Release|Any CPU
		{5A9BB545-BF3B-4EBA-838F-0166914AD542}.Release|Win32.ActiveCfg = Release|Any CPU
		{5A9BB545-BF3B-4EBA-838F-0166914AD542}.Release|x64.ActiveCfg = Release|Any CPU
		{B6A85EC3-A062-421C-809E-279D73B0D840}.Debug|Any CPU.ActiveCfg = Debug|Any CPU
		{B6A85EC3-A062-421C-809E-279D73B0D840}.Debug|Any CPU.Build.0 = Debug|Any CPU
		{B6A85EC3-A062-421C-809E-279D73B0D840}.Debug|Mixed Platforms.ActiveCfg = Debug|Any CPU
		{B6A85EC3-A062-421C-809E-279D73B0D840}.Debug|Mixed Platforms.Build.0 = Debug|Any CPU
		{B6A85EC3-A062-421C-809E-279D73B0D840}.Debug|Win32.ActiveCfg = Debug|Any CPU
		{B6A85EC3-A062-421C-809E-279D73B0D840}.Debug|x64.ActiveCfg = Debug|Any CPU
		{B6A85EC3-A062-421C-809E-279D73B0D840}.Release|Any CPU.ActiveCfg = Release|Any CPU
		{B6A85EC3-A062-421C-809E-279D73B0D840}.Release|Any CPU.Build.0 = Release|Any CPU
		{B6A85EC3-A062-421C-809E-279D73B0D840}.Release|Mixed Platforms.ActiveCfg = Release|Any CPU
		{B6A85EC3-A062-421C-809E-279D73B0D840}.Release|Mixed Platforms.Build.0 = Release|Any CPU
		{B6A85EC3-A062-421C-809E-279D73B0D840}.Release|Win32.ActiveCfg = Release|Any CPU
		{B6A85EC3-A062-421C-809E-279D73B0D840}.Release|x64.ActiveCfg = Release|Any CPU
		{57440EC0-4051-4C82-B408-5986EA0B070D}.Debug|Any CPU.ActiveCfg = Debug|Any CPU
		{57440EC0-4051-4C82-B408-5986EA0B070D}.Debug|Any CPU.Build.0 = Debug|Any CPU
		{57440EC0-4051-4C82-B408-5986EA0B070D}.Debug|Mixed Platforms.ActiveCfg = Debug|Any CPU
		{57440EC0-4051-4C82-B408-5986EA0B070D}.Debug|Mixed Platforms.Build.0 = Debug|Any CPU
		{57440EC0-4051-4C82-B408-5986EA0B070D}.Debug|Win32.ActiveCfg = Debug|Any CPU
		{57440EC0-4051-4C82-B408-5986EA0B070D}.Debug|x64.ActiveCfg = Debug|Any CPU
		{57440EC0-4051-4C82-B408-5986EA0B070D}.Release|Any CPU.ActiveCfg = Release|Any CPU
		{57440EC0-4051-4C82-B408-5986EA0B070D}.Release|Any CPU.Build.0 = Release|Any CPU
		{57440EC0-4051-4C82-B408-5986EA0B070D}.Release|Mixed Platforms.ActiveCfg = Release|Any CPU
		{57440EC0-4051-4C82-B408-5986EA0B070D}.Release|Mixed Platforms.Build.0 = Release|Any CPU
		{57440EC0-4051-4C82-B408-5986EA0B070D}.Release|Win32.ActiveCfg = Release|Any CPU
		{57440EC0-4051-4C82-B408-5986EA0B070D}.Release|x64.ActiveCfg = Release|Any CPU
		{670694DA-B775-478E-892F-14FCC89797DF}.Debug|Any CPU.ActiveCfg = Debug|Any CPU
		{670694DA-B775-478E-892F-14FCC89797DF}.Debug|Any CPU.Build.0 = Debug|Any CPU
		{670694DA-B775-478E-892F-14FCC89797DF}.Debug|Mixed Platforms.ActiveCfg = Debug|Any CPU
		{670694DA-B775-478E-892F-14FCC89797DF}.Debug|Mixed Platforms.Build.0 = Debug|Any CPU
		{670694DA-B775-478E-892F-14FCC89797DF}.Debug|Win32.ActiveCfg = Debug|Any CPU
		{670694DA-B775-478E-892F-14FCC89797DF}.Debug|x64.ActiveCfg = Debug|Any CPU
		{670694DA-B775-478E-892F-14FCC89797DF}.Release|Any CPU.ActiveCfg = Release|Any CPU
		{670694DA-B775-478E-892F-14FCC89797DF}.Release|Any CPU.Build.0 = Release|Any CPU
		{670694DA-B775-478E-892F-14FCC89797DF}.Release|Mixed Platforms.ActiveCfg = Release|Any CPU
		{670694DA-B775-478E-892F-14FCC89797DF}.Release|Mixed Platforms.Build.0 = Release|Any CPU
		{670694DA-B775-478E-892F-14FCC89797DF}.Release|Win32.ActiveCfg = Release|Any CPU
		{670694DA-B775-478E-892F-14FCC89797DF}.Release|x64.ActiveCfg = Release|Any CPU
		{A1BCB61E-359F-46C8-89E1-26CD7E356880}.Debug|Any CPU.ActiveCfg = Debug|Win32
		{A1BCB61E-359F-46C8-89E1-26CD7E356880}.Debug|Mixed Platforms.ActiveCfg = Debug|Win32
		{A1BCB61E-359F-46C8-89E1-26CD7E356880}.Debug|Mixed Platforms.Build.0 = Debug|Win32
		{A1BCB61E-359F-46C8-89E1-26CD7E356880}.Debug|Win32.ActiveCfg = Debug|Win32
		{A1BCB61E-359F-46C8-89E1-26CD7E356880}.Debug|Win32.Build.0 = Debug|Win32
		{A1BCB61E-359F-46C8-89E1-26CD7E356880}.Debug|x64.ActiveCfg = Debug|x64
		{A1BCB61E-359F-46C8-89E1-26CD7E356880}.Debug|x64.Build.0 = Debug|x64
		{A1BCB61E-359F-46C8-89E1-26CD7E356880}.Release|Any CPU.ActiveCfg = Release|Win32
		{A1BCB61E-359F-46C8-89E1-26CD7E356880}.Release|Mixed Platforms.ActiveCfg = Release|Win32
		{A1BCB61E-359F-46C8-89E1-26CD7E356880}.Release|Mixed Platforms.Build.0 = Release|Win32
		{A1BCB61E-359F-46C8-89E1-26CD7E356880}.Release|Win32.ActiveCfg = Release|Win32
		{A1BCB61E-359F-46C8-89E1-26CD7E356880}.Release|Win32.Build.0 = Release|Win32
		{A1BCB61E-359F-46C8-89E1-26CD7E356880}.Release|x64.ActiveCfg = Release|x64
		{A1BCB61E-359F-46C8-89E1-26CD7E356880}.Release|x64.Build.0 = Release|x64
		{F725E8A1-5168-4A32-AF95-13D5851DECDE}.Debug|Any CPU.ActiveCfg = Debug|Any CPU
		{F725E8A1-5168-4A32-AF95-13D5851DECDE}.Debug|Any CPU.Build.0 = Debug|Any CPU
		{F725E8A1-5168-4A32-AF95-13D5851DECDE}.Debug|Mixed Platforms.ActiveCfg = Debug|Any CPU
		{F725E8A1-5168-4A32-AF95-13D5851DECDE}.Debug|Mixed Platforms.Build.0 = Debug|Any CPU
		{F725E8A1-5168-4A32-AF95-13D5851DECDE}.Debug|Win32.ActiveCfg = Debug|Any CPU
		{F725E8A1-5168-4A32-AF95-13D5851DECDE}.Debug|x64.ActiveCfg = Debug|Any CPU
		{F725E8A1-5168-4A32-AF95-13D5851DECDE}.Release|Any CPU.ActiveCfg = Release|Any CPU
		{F725E8A1-5168-4A32-AF95-13D5851DECDE}.Release|Any CPU.Build.0 = Release|Any CPU
		{F725E8A1-5168-4A32-AF95-13D5851DECDE}.Release|Mixed Platforms.ActiveCfg = Release|Any CPU
		{F725E8A1-5168-4A32-AF95-13D5851DECDE}.Release|Mixed Platforms.Build.0 = Release|Any CPU
		{F725E8A1-5168-4A32-AF95-13D5851DECDE}.Release|Win32.ActiveCfg = Release|Any CPU
		{F725E8A1-5168-4A32-AF95-13D5851DECDE}.Release|x64.ActiveCfg = Release|Any CPU
	EndGlobalSection
	GlobalSection(SolutionProperties) = preSolution
		HideSolutionNode = FALSE
	EndGlobalSection
EndGlobal
